
Microsoft Visual Studio Solution File, Format Version 12.00
# Visual Studio 15
VisualStudioVersion = 15.0.27428.2037
MinimumVisualStudioVersion = 10.0.40219.1
Project("{FAE04EC0-301F-11D3-BF4B-00C04F79EFBC}") = "Agency.DAL", "Agency.DAL\Agency.DAL.csproj", "{C6AD5F60-A25B-4089-8FCE-9DE8687E1EAD}"
EndProject
Project("{FAE04EC0-301F-11D3-BF4B-00C04F79EFBC}") = "Agency.BLL", "Agency.BLL\Agency.BLL.csproj", "{4F4FAA54-032B-4139-9388-6627B163B875}"
EndProject
Project("{FAE04EC0-301F-11D3-BF4B-00C04F79EFBC}") = "Agency.ConsoleClient", "Agency.ConsoleClient\Agency.ConsoleClient.csproj", "{675B86C6-CD20-46D9-B86F-0E8118859568}"
EndProject
Project("{FAE04EC0-301F-11D3-BF4B-00C04F79EFBC}") = "Agency.BLL.Tests", "Agency.BLL.Tests\Agency.BLL.Tests.csproj", "{37CC5E4B-8072-4EC0-B9A7-1157234B166A}"
EndProject
Global
	GlobalSection(SolutionConfigurationPlatforms) = preSolution
		Debug|Any CPU = Debug|Any CPU
		Release|Any CPU = Release|Any CPU
	EndGlobalSection
	GlobalSection(ProjectConfigurationPlatforms) = postSolution
		{C6AD5F60-A25B-4089-8FCE-9DE8687E1EAD}.Debug|Any CPU.ActiveCfg = Debug|Any CPU
		{C6AD5F60-A25B-4089-8FCE-9DE8687E1EAD}.Debug|Any CPU.Build.0 = Debug|Any CPU
		{C6AD5F60-A25B-4089-8FCE-9DE8687E1EAD}.Release|Any CPU.ActiveCfg = Release|Any CPU
		{C6AD5F60-A25B-4089-8FCE-9DE8687E1EAD}.Release|Any CPU.Build.0 = Release|Any CPU
		{4F4FAA54-032B-4139-9388-6627B163B875}.Debug|Any CPU.ActiveCfg = Debug|Any CPU
		{4F4FAA54-032B-4139-9388-6627B163B875}.Debug|Any CPU.Build.0 = Debug|Any CPU
		{4F4FAA54-032B-4139-9388-6627B163B875}.Release|Any CPU.ActiveCfg = Release|Any CPU
		{4F4FAA54-032B-4139-9388-6627B163B875}.Release|Any CPU.Build.0 = Release|Any CPU
		{675B86C6-CD20-46D9-B86F-0E8118859568}.Debug|Any CPU.ActiveCfg = Debug|Any CPU
		{675B86C6-CD20-46D9-B86F-0E8118859568}.Debug|Any CPU.Build.0 = Debug|Any CPU
		{675B86C6-CD20-46D9-B86F-0E8118859568}.Release|Any CPU.ActiveCfg = Release|Any CPU
		{675B86C6-CD20-46D9-B86F-0E8118859568}.Release|Any CPU.Build.0 = Release|Any CPU
		{37CC5E4B-8072-4EC0-B9A7-1157234B166A}.Debug|Any CPU.ActiveCfg = Debug|Any CPU
		{37CC5E4B-8072-4EC0-B9A7-1157234B166A}.Debug|Any CPU.Build.0 = Debug|Any CPU
		{37CC5E4B-8072-4EC0-B9A7-1157234B166A}.Release|Any CPU.ActiveCfg = Release|Any CPU
		{37CC5E4B-8072-4EC0-B9A7-1157234B166A}.Release|Any CPU.Build.0 = Release|Any CPU
	EndGlobalSection
	GlobalSection(SolutionProperties) = preSolution
		HideSolutionNode = FALSE
	EndGlobalSection
	GlobalSection(ExtensibilityGlobals) = postSolution
		SolutionGuid = {FD49D0B0-6F81-4E5F-9083-124F50001FAA}
	EndGlobalSection
EndGlobal
